{
  "name": "@kujolang/kujo-cmd",
  "version": "0.2.0",
  "lockfileVersion": 3,
  "requires": true,
  "packages": {
    "": {
      "name": "@kujolang/kujo-cmd",
      "version": "0.2.0",
      "license": "MIT",
      "dependencies": {
        "@kujolang/kujo-runtime": "1.8.0"
      },
      "bin": {
        "kujo-cmd": "bin/kujo-cmd.mjs"
      },
      "engines": {
        "node": ">=20"
      }
    },
    "node_modules/@kujolang/kujo-darwin-arm64": {
      "version": "1.8.0",
      "resolved": "https://registry.npmjs.org/@kujolang/kujo-darwin-arm64/-/kujo-darwin-arm64-1.8.0.tgz",
      "integrity": "sha512-Ebr4baju8XzadUudOVpjWceu1Q+4W1PuG6QmFLleYLOIiefAf3jV4rVU2y5YWZlxw6JQjDDJo5OiN8kgQICOrw==",
      "cpu": [
        "arm64"
      ],
      "license": "MIT",
      "optional": true,
      "os": [
        "darwin"
      ]
    },
    "node_modules/@kujolang/kujo-darwin-x64": {
      "version": "1.8.0",
      "resolved": "https://registry.npmjs.org/@kujolang/kujo-darwin-x64/-/kujo-darwin-x64-1.8.0.tgz",
      "integrity": "sha512-BLNrnLAXXO2lQLRC4457IdfzfQZJBd9vUvzUYWHzxRDuFxiuqog+4KVEdPBXi9Lyyi273o00xBTReZwD54wtJQ==",
      "cpu": [
        "x64"
      ],
      "license": "MIT",
      "optional": true,
      "os": [
        "darwin"
      ]
    },
    "node_modules/@kujolang/kujo-linux-arm64": {
      "version": "1.8.0",
      "resolved": "https://registry.npmjs.org/@kujolang/kujo-linux-arm64/-/kujo-linux-arm64-1.8.0.tgz",
      "integrity": "sha512-sCLajIu5yl6bGrtu9IQRVXm+A1Gnm4pqA246w28LxXUL74zXO0ZljbtIlXiYRUdLiH4tX34NHsLWIEokNuvYKw==",
      "cpu": [
        "arm64"
      ],
      "libc": [
        "glibc"
      ],
      "license": "MIT",
      "optional": true,
      "os": [
        "linux"
      ]
    },
    "node_modules/@kujolang/kujo-linux-x64": {
      "version": "1.8.0",
      "resolved": "https://registry.npmjs.org/@kujolang/kujo-linux-x64/-/kujo-linux-x64-1.8.0.tgz",
      "integrity": "sha512-N9kjOdvp3zj0BnocDORZBNgYoH52L/eNH7MkQ/2UAVz3f1KS4nSCFEV6eiuvUFQJQtho31CjJscQnAdO5fpEAw==",
      "cpu": [
        "x64"
      ],
      "libc": [
        "glibc"
      ],
      "license": "MIT",
      "optional": true,
      "os": [
        "linux"
      ]
    },
    "node_modules/@kujolang/kujo-runtime": {
      "version": "1.8.0",
      "resolved": "https://registry.npmjs.org/@kujolang/kujo-runtime/-/kujo-runtime-1.8.0.tgz",
      "integrity": "sha512-3lkkmtZwUuGK4WeWC80FOZuxFGB4GLvLlRIabdXNsh++Ya4zq6/uHwOR69tBuGdXxq8tqhmmUQDfPXYqGj2JAw==",
      "license": "MIT",
      "bin": {
        "kujo": "bin/kujo.js"
      },
      "engines": {
        "node": ">=18"
      },
      "optionalDependencies": {
        "@kujolang/kujo-darwin-arm64": "1.8.0",
        "@kujolang/kujo-darwin-x64": "1.8.0",
        "@kujolang/kujo-linux-arm64": "1.8.0",
        "@kujolang/kujo-linux-x64": "1.8.0",
        "@kujolang/kujo-win32-x64": "1.8.0"
      }
    },
    "node_modules/@kujolang/kujo-win32-x64": {
      "version": "1.8.0",
      "resolved": "https://registry.npmjs.org/@kujolang/kujo-win32-x64/-/kujo-win32-x64-1.8.0.tgz",
      "integrity": "sha512-a9Sv+qf4xlW5fudvYiyUzMbpCGRoiW9kJva3HSMWpCl60A93JPt1zs/CNFGy7xVsINFKymIM8nXKlzqp0tc+rA==",
      "cpu": [
        "x64"
      ],
      "license": "MIT",
      "optional": true,
      "os": [
        "win32"
      ]
    }
  }
}
